{
  "lib\\conditional-tokens-contracts": {
    "tag": {
      "name": "v1.0.3",
      "rev": "eeefca66eb46c800a9aaab88db2064a99026fde5"
    }
  },
  "lib\\conditional-tokens-market-makers": {
    "tag": {
      "name": "v1.8.1",
      "rev": "647b203cf68c42c734b1bff486d38918f7fd2e6d"
    }
  },
  "lib\\exchange-fee-module": {
    "tag": {
      "name": "v2.0.0",
      "rev": "75569c7f6e0339f3a5e47359da266257ebd49046"
    }
  },
  "lib\\forge-std": {
    "rev": "1801b0541f4fda118a10798fd3486bb7051c5dd6"
  },
  "lib\\openzeppelin-contracts": {
    "tag": {
      "name": "v5.6.1",
      "rev": "5fd1781b1454fd1ef8e722282f86f9293cacf256"
    }
  },
  "lib\\openzeppelin-solidity": {
    "tag": {
      "name": "v2.5.1",
      "rev": "837828967a9831e4333d5fb9edefb200a357d24d"
    }
  },
  "lib\\solady": {
    "rev": "acd959aa4bd04720d640bf4e6a5c71037510cc4b"
  },
  "lib\\solmate": {
    "rev": "bff24e835192470ed38bf15dbed6084c2d723ace"
  }
}